github.com/nilsbu/async v0.1.0 h1:e3wwfrNx7jqNFtnchhB/HUntOz7IEavGWirXLd2qkxY=
github.com/nilsbu/async v0.1.0/go.mod h1:Yp2c35NOIvWdhJSLzytE+b27ytGMUEhV9RuhfR5HNxI=
github.com/pkg/errors v0.9.1 h1:FEBLx1zS214owpjy7qsBeixbURkuhQAwrK5UwLGTwt4=
github.com/pkg/errors v0.9.1/go.mod h1:bwawxfHBFNV+L2hUp1rHADufV3IMtnDRdf1r5NINEl0=
